PODS:
  - CTAssetsPickerController (2.9.4)
  - FMDB (2.5):
    - FMDB/standard (= 2.5)
  - FMDB/common (2.5)
  - FMDB/standard (2.5):
    - FMDB/common
  - Masonry (0.6.1)
  - SVProgressHUD (1.1.3)
  - UIActionSheet+Blocks (0.9)
  - UIAlertView+Blocks (0.9)

DEPENDENCIES:
  - CTAssetsPickerController
  - FMDB
  - Masonry
  - SVProgressHUD
  - UIActionSheet+Blocks
  - UIAlertView+Blocks

SPEC CHECKSUMS:
  CTAssetsPickerController: 3030dc60f5d1a3c4e5b1c0aa9f069220d5bf7008
  FMDB: 96e8f1bcc1329e269330f99770ad4285d9003e52
  Masonry: 4972309f2f134de9dd312f4dc4a21359b50e6caa
  SVProgressHUD: 748080e4f36e603f6c02aec292664239df5279c1
  UIActionSheet+Blocks: e180b7dad0a721ab7f212ac9742af799008bb358
  UIAlertView+Blocks: a46c99c5144f6c5dbc7d62fd2a0678daceec89a3

COCOAPODS: 0.37.2
